github.com/MyLanPangzi/package_example v0.0.0-20221210091757-68b2164a8f25 h1:GcTMC1JD6DGydLwjrgi4uuyEoxxLDHq80kkvqt8txG0=
github.com/MyLanPangzi/package_example v0.0.0-20221210091757-68b2164a8f25/go.mod h1:FTVzdfLkTnZhv3i0ZxGxCDV3sE1KeS3LNg4ZNQvzU1s=
github.com/google/go-cmp v0.5.2 h1:X2ev0eStA3AbceY54o37/0PQ/UWqKEiiO2dKL5OPaFM=
github.com/google/go-cmp v0.5.2/go.mod h1:v8dTdLbMG2kIc/vJvl+f65V22dbkXbowE6jgT/gNBxE=
github.com/learning-go-book/formatter v0.0.0-20200921021027-5abc380940ae h1:TRWDqrPLdqr3L6T0reL3A7/ArQ194nVFY7frsixLYdQ=
github.com/learning-go-book/formatter v0.0.0-20200921021027-5abc380940ae/go.mod h1:YSLNw1QDbIcM0EvYO9bUmuMrIPv1NNCn8KxYKBj5ZE8=
github.com/learning-go-book/simpletax v1.0.0 h1:iH+7ADkdyrSqrMR2GzuWSFznXhF/DTbApdwoJylUcCk=
github.com/learning-go-book/simpletax v1.0.0/go.mod h1:/YqHwHy95m0M4Qo3DmXVYP1a5/stZ/YHI9mnkiPVtUg=
github.com/learning-go-book/simpletax v1.1.0 h1:Z/6s1ydS/vjblI6PFuDEnxW8QgYjGI4wKAeP/7DKLQ0=
github.com/learning-go-book/simpletax v1.1.0/go.mod h1:/YqHwHy95m0M4Qo3DmXVYP1a5/stZ/YHI9mnkiPVtUg=
github.com/learning-go-book/simpletax/v2 v2.0.0 h1:cZURCo1tEqdw/cJyggd5ZShbAdassAMOguy3HEmdeNc=
github.com/learning-go-book/simpletax/v2 v2.0.0/go.mod h1:DVMa7zPtIFGmAAwd6XOTyy8ElwQfljoaLkYGAkFj75o=
github.com/shopspring/decimal v1.2.0/go.mod h1:DKyhrW/HYNuLGql+MJL6WCR6knT2jwCFRcu2hWCYk4o=
github.com/shopspring/decimal v1.3.1 h1:2Usl1nmF/WZucqkFZhnfFYxxxu8LG21F6nPQBE5gKV8=
github.com/shopspring/decimal v1.3.1/go.mod h1:DKyhrW/HYNuLGql+MJL6WCR6knT2jwCFRcu2hWCYk4o=
golang.org/x/xerrors v0.0.0-20191204190536-9bdfabe68543/go.mod h1:I/5z698sn9Ka8TeJc9MKroUUfqBBauWjQqLJ2OPfmY0=
